
Microsoft Visual Studio Solution File, Format Version 12.00
# Visual Studio Version 17
VisualStudioVersion = 17.4.33122.133
MinimumVisualStudioVersion = 10.0.40219.1
Project("{FAE04EC0-301F-11D3-BF4B-00C04F79EFBC}") = "SimpleRestApi", "SimpleRestApi\SimpleRestApi.csproj", "{2C5AA7B8-B8C4-4EEF-A704-E367F4E93F4D}"
EndProject
Global
	GlobalSection(SolutionConfigurationPlatforms) = preSolution
		Debug|Any CPU = Debug|Any CPU
		Release|Any CPU = Release|Any CPU
	EndGlobalSection
	GlobalSection(ProjectConfigurationPlatforms) = postSolution
		{2C5AA7B8-B8C4-4EEF-A704-E367F4E93F4D}.Debug|Any CPU.ActiveCfg = Debug|Any CPU
		{2C5AA7B8-B8C4-4EEF-A704-E367F4E93F4D}.Debug|Any CPU.Build.0 = Debug|Any CPU
		{2C5AA7B8-B8C4-4EEF-A704-E367F4E93F4D}.Release|Any CPU.ActiveCfg = Release|Any CPU
		{2C5AA7B8-B8C4-4EEF-A704-E367F4E93F4D}.Release|Any CPU.Build.0 = Release|Any CPU
	EndGlobalSection
	GlobalSection(SolutionProperties) = preSolution
		HideSolutionNode = FALSE
	EndGlobalSection
	GlobalSection(ExtensibilityGlobals) = postSolution
		SolutionGuid = {B87BD3D3-D2B3-4B62-A28D-3964E58E954C}
	EndGlobalSection
EndGlobal
